
Microsoft Visual Studio Solution File, Format Version 12.00
# Visual Studio 14
VisualStudioVersion = 14.0.24720.0
MinimumVisualStudioVersion = 10.0.40219.1
Project("{FAE04EC0-301F-11D3-BF4B-00C04F79EFBC}") = "AdministradorEscritorio", "LoginUsuario\AdministradorEscritorio.csproj", "{63041B97-278C-4E97-80F1-88C4259CE971}"
EndProject
Global
	GlobalSection(SolutionConfigurationPlatforms) = preSolution
		Debug|Any CPU = Debug|Any CPU
		Release|Any CPU = Release|Any CPU
	EndGlobalSection
	GlobalSection(ProjectConfigurationPlatforms) = postSolution
		{63041B97-278C-4E97-80F1-88C4259CE971}.Debug|Any CPU.ActiveCfg = Debug|Any CPU
		{63041B97-278C-4E97-80F1-88C4259CE971}.Debug|Any CPU.Build.0 = Debug|Any CPU
		{63041B97-278C-4E97-80F1-88C4259CE971}.Release|Any CPU.ActiveCfg = Release|Any CPU
		{63041B97-278C-4E97-80F1-88C4259CE971}.Release|Any CPU.Build.0 = Release|Any CPU
	EndGlobalSection
	GlobalSection(SolutionProperties) = preSolution
		HideSolutionNode = FALSE
	EndGlobalSection
EndGlobal
